
Microsoft Visual Studio Solution File, Format Version 12.00
# Visual Studio Version 17
VisualStudioVersion = 17.0.32014.148
MinimumVisualStudioVersion = 10.0.40219.1
Project("{9A19103F-16F7-4668-BE54-9A1E7A4F7556}") = "Batuhan.WebApi", "Batuhan.WebApi\Batuhan.WebApi.csproj", "{345B58AF-0996-4449-8FCB-F9757DD9502F}"
EndProject
Project("{FAE04EC0-301F-11D3-BF4B-00C04F79EFBC}") = "Batuhan.UI", "Batuhan.UI\Batuhan.UI.csproj", "{CCDD8EDB-936B-4AB8-B96D-3ED59BE5C012}"
EndProject
Global
	GlobalSection(SolutionConfigurationPlatforms) = preSolution
		Debug|Any CPU = Debug|Any CPU
		Release|Any CPU = Release|Any CPU
	EndGlobalSection
	GlobalSection(ProjectConfigurationPlatforms) = postSolution
		{345B58AF-0996-4449-8FCB-F9757DD9502F}.Debug|Any CPU.ActiveCfg = Debug|Any CPU
		{345B58AF-0996-4449-8FCB-F9757DD9502F}.Debug|Any CPU.Build.0 = Debug|Any CPU
		{345B58AF-0996-4449-8FCB-F9757DD9502F}.Release|Any CPU.ActiveCfg = Release|Any CPU
		{345B58AF-0996-4449-8FCB-F9757DD9502F}.Release|Any CPU.Build.0 = Release|Any CPU
		{CCDD8EDB-936B-4AB8-B96D-3ED59BE5C012}.Debug|Any CPU.ActiveCfg = Debug|Any CPU
		{CCDD8EDB-936B-4AB8-B96D-3ED59BE5C012}.Debug|Any CPU.Build.0 = Debug|Any CPU
		{CCDD8EDB-936B-4AB8-B96D-3ED59BE5C012}.Release|Any CPU.ActiveCfg = Release|Any CPU
		{CCDD8EDB-936B-4AB8-B96D-3ED59BE5C012}.Release|Any CPU.Build.0 = Release|Any CPU
	EndGlobalSection
	GlobalSection(SolutionProperties) = preSolution
		HideSolutionNode = FALSE
	EndGlobalSection
	GlobalSection(ExtensibilityGlobals) = postSolution
		SolutionGuid = {989BD0CA-94AC-4B1A-9825-60E9312A7548}
	EndGlobalSection
EndGlobal
